// !$*UTF8*$!
{
	archiveVersion = 1;
	classes = {
	};
	objectVersion = 46;
	objects = {

/* Begin PBXBuildFile section */
		850941D11CCFB11D003AFFE3 /* main.m in Sources */ = {isa = PBXBuildFile; fileRef = 850941D01CCFB11D003AFFE3 /* main.m */; };
		850941D41CCFB11D003AFFE3 /* AppDelegate.m in Sources */ = {isa = PBXBuildFile; fileRef = 850941D31CCFB11D003AFFE3 /* AppDelegate.m */; };
		850941DC1CCFB11D003AFFE3 /* Assets.xcassets in Resources */ = {isa = PBXBuildFile; fileRef = 850941DB1CCFB11D003AFFE3 /* Assets.xcassets */; };
		850941DF1CCFB11D003AFFE3 /* LaunchScreen.storyboard in Resources */ = {isa = PBXBuildFile; fileRef = 850941DD1CCFB11D003AFFE3 /* LaunchScreen.storyboard */; };
		850941EA1CCFB11D003AFFE3 /* UITextFieldDelegateTests.m in Sources */ = {isa = PBXBuildFile; fileRef = 850941E91CCFB11D003AFFE3 /* UITextFieldDelegateTests.m */; };
		850941F51CCFB11D003AFFE3 /* UITextFieldDelegateUITests.m in Sources */ = {isa = PBXBuildFile; fileRef = 850941F41CCFB11D003AFFE3 /* UITextFieldDelegateUITests.m */; };
		850942041CCFB140003AFFE3 /* MyViewController.m in Sources */ = {isa = PBXBuildFile; fileRef = 850942031CCFB140003AFFE3 /* MyViewController.m */; };
/* End PBXBuildFile section */

/* Begin PBXContainerItemProxy section */
		850941E61CCFB11D003AFFE3 /* PBXContainerItemProxy */ = {
			isa = PBXContainerItemProxy;
			containerPortal = 850941C41CCFB11D003AFFE3 /* Project object */;
			proxyType = 1;
			remoteGlobalIDString = 850941CB1CCFB11D003AFFE3;
			remoteInfo = UITextFieldDelegate;
		};
		850941F11CCFB11D003AFFE3 /* PBXContainerItemProxy */ = {
			isa = PBXContainerItemProxy;
			containerPortal = 850941C41CCFB11D003AFFE3 /* Project object */;
			proxyType = 1;
			remoteGlobalIDString = 850941CB1CCFB11D003AFFE3;
			remoteInfo = UITextFieldDelegate;
		};
/* End PBXContainerItemProxy section */

/* Begin PBXFileReference section */
		850941CC1CCFB11D003AFFE3 /* UITextFieldDelegate.app */ = {isa = PBXFileReference; explicitFileType = wrapper.application; includeInIndex = 0; path = UITextFieldDelegate.app; sourceTree = BUILT_PRODUCTS_DIR; };
		850941D01CCFB11D003AFFE3 /* main.m */ = {isa = PBXFileReference; lastKnownFileType = sourcecode.c.objc; path = main.m; sourceTree = "<group>"; };
		850941D21CCFB11D003AFFE3 /* AppDelegate.h */ = {isa = PBXFileReference; lastKnownFileType = sourcecode.c.h; path = AppDelegate.h; sourceTree = "<group>"; };
		850941D31CCFB11D003AFFE3 /* AppDelegate.m */ = {isa = PBXFileReference; lastKnownFileType = sourcecode.c.objc; path = AppDelegate.m; sourceTree = "<group>"; };
		850941DB1CCFB11D003AFFE3 /* Assets.xcassets */ = {isa = PBXFileReference; lastKnownFileType = folder.assetcatalog; path = Assets.xcassets; sourceTree = "<group>"; };
		850941DE1CCFB11D003AFFE3 /* Base */ = {isa = PBXFileReference; lastKnownFileType = file.storyboard; name = Base; path = Base.lproj/LaunchScreen.storyboard; sourceTree = "<group>"; };
		850941E01CCFB11D003AFFE3 /* Info.plist */ = {isa = PBXFileReference; lastKnownFileType = text.plist.xml; path = Info.plist; sourceTree = "<group>"; };
		850941E51CCFB11D003AFFE3 /* UITextFieldDelegateTests.xctest */ = {isa = PBXFileReference; explicitFileType = wrapper.cfbundle; includeInIndex = 0; path = UITextFieldDelegateTests.xctest; sourceTree = BUILT_PRODUCTS_DIR; };
		850941E91CCFB11D003AFFE3 /* UITextFieldDelegateTests.m */ = {isa = PBXFileReference; lastKnownFileType = sourcecode.c.objc; path = UITextFieldDelegateTests.m; sourceTree = "<group>"; };
		850941EB1CCFB11D003AFFE3 /* Info.plist */ = {isa = PBXFileReference; lastKnownFileType = text.plist.xml; path = Info.plist; sourceTree = "<group>"; };
		850941F01CCFB11D003AFFE3 /* UITextFieldDelegateUITests.xctest */ = {isa = PBXFileReference; explicitFileType = wrapper.cfbundle; includeInIndex = 0; path = UITextFieldDelegateUITests.xctest; sourceTree = BUILT_PRODUCTS_DIR; };
		850941F41CCFB11D003AFFE3 /* UITextFieldDelegateUITests.m */ = {isa = PBXFileReference; lastKnownFileType = sourcecode.c.objc; path = UITextFieldDelegateUITests.m; sourceTree = "<group>"; };
		850941F61CCFB11D003AFFE3 /* Info.plist */ = {isa = PBXFileReference; lastKnownFileType = text.plist.xml; path = Info.plist; sourceTree = "<group>"; };
		850942021CCFB140003AFFE3 /* MyViewController.h */ = {isa = PBXFileReference; fileEncoding = 4; lastKnownFileType = sourcecode.c.h; path = MyViewController.h; sourceTree = "<group>"; };
		850942031CCFB140003AFFE3 /* MyViewController.m */ = {isa = PBXFileReference; fileEncoding = 4; lastKnownFileType = sourcecode.c.objc; path = MyViewController.m; sourceTree = "<group>"; };
/* End PBXFileReference section */

/* Begin PBXFrameworksBuildPhase section */
		850941C91CCFB11D003AFFE3 /* Frameworks */ = {
			isa = PBXFrameworksBuildPhase;
			buildActionMask = 2147483647;
			files = (
			);
			runOnlyForDeploymentPostprocessing = 0;
		};
		850941E21CCFB11D003AFFE3 /* Frameworks */ = {
			isa = PBXFrameworksBuildPhase;
			buildActionMask = 2147483647;
			files = (
			);
			runOnlyForDeploymentPostprocessing = 0;
		};
		850941ED1CCFB11D003AFFE3 /* Frameworks */ = {
			isa = PBXFrameworksBuildPhase;
			buildActionMask = 2147483647;
			files = (
			);
			runOnlyForDeploymentPostprocessing = 0;
		};
/* End PBXFrameworksBuildPhase section */

/* Begin PBXGroup section */
		850941C31CCFB11D003AFFE3 = {
			isa = PBXGroup;
			children = (
				850941CE1CCFB11D003AFFE3 /* UITextFieldDelegate */,
				850941E81CCFB11D003AFFE3 /* UITextFieldDelegateTests */,
				850941F31CCFB11D003AFFE3 /* UITextFieldDelegateUITests */,
				850941CD1CCFB11D003AFFE3 /* Products */,
			);
			sourceTree = "<group>";
		};
		850941CD1CCFB11D003AFFE3 /* Products */ = {
			isa = PBXGroup;
			children = (
				850941CC1CCFB11D003AFFE3 /* UITextFieldDelegate.app */,
				850941E51CCFB11D003AFFE3 /* UITextFieldDelegateTests.xctest */,
				850941F01CCFB11D003AFFE3 /* UITextFieldDelegateUITests.xctest */,
			);
			name = Products;
			sourceTree = "<group>";
		};
		850941CE1CCFB11D003AFFE3 /* UITextFieldDelegate */ = {
			isa = PBXGroup;
			children = (
				850941D21CCFB11D003AFFE3 /* AppDelegate.h */,
				850941D31CCFB11D003AFFE3 /* AppDelegate.m */,
				850942021CCFB140003AFFE3 /* MyViewController.h */,
				850942031CCFB140003AFFE3 /* MyViewController.m */,
				850941DB1CCFB11D003AFFE3 /* Assets.xcassets */,
				850941DD1CCFB11D003AFFE3 /* LaunchScreen.storyboard */,
				850941E01CCFB11D003AFFE3 /* Info.plist */,
				850941CF1CCFB11D003AFFE3 /* Supporting Files */,
			);
			path = UITextFieldDelegate;
			sourceTree = "<group>";
		};
		850941CF1CCFB11D003AFFE3 /* Supporting Files */ = {
			isa = PBXGroup;
			children = (
				850941D01CCFB11D003AFFE3 /* main.m */,
			);
			name = "Supporting Files";
			sourceTree = "<group>";
		};
		850941E81CCFB11D003AFFE3 /* UITextFieldDelegateTests */ = {
			isa = PBXGroup;
			children = (
				850941E91CCFB11D003AFFE3 /* UITextFieldDelegateTests.m */,
				850941EB1CCFB11D003AFFE3 /* Info.plist */,
			);
			path = UITextFieldDelegateTests;
			sourceTree = "<group>";
		};
		850941F31CCFB11D003AFFE3 /* UITextFieldDelegateUITests */ = {
			isa = PBXGroup;
			children = (
				850941F41CCFB11D003AFFE3 /* UITextFieldDelegateUITests.m */,
				850941F61CCFB11D003AFFE3 /* Info.plist */,
			);
			path = UITextFieldDelegateUITests;
			sourceTree = "<group>";
		};
/* End PBXGroup section */

/* Begin PBXNativeTarget section */
		850941CB1CCFB11D003AFFE3 /* UITextFieldDelegate */ = {
			isa = PBXNativeTarget;
			buildConfigurationList = 850941F91CCFB11D003AFFE3 /* Build configuration list for PBXNativeTarget "UITextFieldDelegate" */;
			buildPhases = (
				850941C81CCFB11D003AFFE3 /* Sources */,
				850941C91CCFB11D003AFFE3 /* Frameworks */,
				850941CA1CCFB11D003AFFE3 /* Resources */,
			);
			buildRules = (
			);
			dependencies = (
			);
			name = UITextFieldDelegate;
			productName = UITextFieldDelegate;
			productReference = 850941CC1CCFB11D003AFFE3 /* UITextFieldDelegate.app */;
			productType = "com.apple.product-type.application";
		};
		850941E41CCFB11D003AFFE3 /* UITextFieldDelegateTests */ = {
			isa = PBXNativeTarget;
			buildConfigurationList = 850941FC1CCFB11D003AFFE3 /* Build configuration list for PBXNativeTarget "UITextFieldDelegateTests" */;
			buildPhases = (
				850941E11CCFB11D003AFFE3 /* Sources */,
				850941E21CCFB11D003AFFE3 /* Frameworks */,
				850941E31CCFB11D003AFFE3 /* Resources */,
			);
			buildRules = (
			);
			dependencies = (
				850941E71CCFB11D003AFFE3 /* PBXTargetDependency */,
			);
			name = UITextFieldDelegateTests;
			productName = UITextFieldDelegateTests;
			productReference = 850941E51CCFB11D003AFFE3 /* UITextFieldDelegateTests.xctest */;
			productType = "com.apple.product-type.bundle.unit-test";
		};
		850941EF1CCFB11D003AFFE3 /* UITextFieldDelegateUITests */ = {
			isa = PBXNativeTarget;
			buildConfigurationList = 850941FF1CCFB11D003AFFE3 /* Build configuration list for PBXNativeTarget "UITextFieldDelegateUITests" */;
			buildPhases = (
				850941EC1CCFB11D003AFFE3 /* Sources */,
				850941ED1CCFB11D003AFFE3 /* Frameworks */,
				850941EE1CCFB11D003AFFE3 /* Resources */,
			);
			buildRules = (
			);
			dependencies = (
				850941F21CCFB11D003AFFE3 /* PBXTargetDependency */,
			);
			name = UITextFieldDelegateUITests;
			productName = UITextFieldDelegateUITests;
			productReference = 850941F01CCFB11D003AFFE3 /* UITextFieldDelegateUITests.xctest */;
			productType = "com.apple.product-type.bundle.ui-testing";
		};
/* End PBXNativeTarget section */

/* Begin PBXProject section */
		850941C41CCFB11D003AFFE3 /* Project object */ = {
			isa = PBXProject;
			attributes = {
				LastUpgradeCheck = 0710;
				ORGANIZATIONNAME = tarena;
				TargetAttributes = {
					850941CB1CCFB11D003AFFE3 = {
						CreatedOnToolsVersion = 7.1;
					};
					850941E41CCFB11D003AFFE3 = {
						CreatedOnToolsVersion = 7.1;
						TestTargetID = 850941CB1CCFB11D003AFFE3;
					};
					850941EF1CCFB11D003AFFE3 = {
						CreatedOnToolsVersion = 7.1;
						TestTargetID = 850941CB1CCFB11D003AFFE3;
					};
				};
			};
			buildConfigurationList = 850941C71CCFB11D003AFFE3 /* Build configuration list for PBXProject "UITextFieldDelegate" */;
			compatibilityVersion = "Xcode 3.2";
			developmentRegion = English;
			hasScannedForEncodings = 0;
			knownRegions = (
				en,
				Base,
			);
			mainGroup = 850941C31CCFB11D003AFFE3;
			productRefGroup = 850941CD1CCFB11D003AFFE3 /* Products */;
			projectDirPath = "";
			projectRoot = "";
			targets = (
				850941CB1CCFB11D003AFFE3 /* UITextFieldDelegate */,
				850941E41CCFB11D003AFFE3 /* UITextFieldDelegateTests */,
				850941EF1CCFB11D003AFFE3 /* UITextFieldDelegateUITests */,
			);
		};
/* End PBXProject section */

/* Begin PBXResourcesBuildPhase section */
		850941CA1CCFB11D003AFFE3 /* Resources */ = {
			isa = PBXResourcesBuildPhase;
			buildActionMask = 2147483647;
			files = (
				850941DF1CCFB11D003AFFE3 /* LaunchScreen.storyboard in Resources */,
				850941DC1CCFB11D003AFFE3 /* Assets.xcassets in Resources */,
			);
			runOnlyForDeploymentPostprocessing = 0;
		};
		850941E31CCFB11D003AFFE3 /* Resources */ = {
			isa = PBXResourcesBuildPhase;
			buildActionMask = 2147483647;
			files = (
			);
			runOnlyForDeploymentPostprocessing = 0;
		};
		850941EE1CCFB11D003AFFE3 /* Resources */ = {
			isa = PBXResourcesBuildPhase;
			buildActionMask = 2147483647;
			files = (
			);
			runOnlyForDeploymentPostprocessing = 0;
		};
/* End PBXResourcesBuildPhase section */

/* Begin PBXSourcesBuildPhase section */
		850941C81CCFB11D003AFFE3 /* Sources */ = {
			isa = PBXSourcesBuildPhase;
			buildActionMask = 2147483647;
			files = (
				850942041CCFB140003AFFE3 /* MyViewController.m in Sources */,
				850941D41CCFB11D003AFFE3 /* AppDelegate.m in Sources */,
				850941D11CCFB11D003AFFE3 /* main.m in Sources */,
			);
			runOnlyForDeploymentPostprocessing = 0;
		};
		850941E11CCFB11D003AFFE3 /* Sources */ = {
			isa = PBXSourcesBuildPhase;
			buildActionMask = 2147483647;
			files = (
				850941EA1CCFB11D003AFFE3 /* UITextFieldDelegateTests.m in Sources */,
			);
			runOnlyForDeploymentPostprocessing = 0;
		};
		850941EC1CCFB11D003AFFE3 /* Sources */ = {
			isa = PBXSourcesBuildPhase;
			buildActionMask = 2147483647;
			files = (
				850941F51CCFB11D003AFFE3 /* UITextFieldDelegateUITests.m in Sources */,
			);
			runOnlyForDeploymentPostprocessing = 0;
		};
/* End PBXSourcesBuildPhase section */

/* Begin PBXTargetDependency section */
		850941E71CCFB11D003AFFE3 /* PBXTargetDependency */ = {
			isa = PBXTargetDependency;
			target = 850941CB1CCFB11D003AFFE3 /* UITextFieldDelegate */;
			targetProxy = 850941E61CCFB11D003AFFE3 /* PBXContainerItemProxy */;
		};
		850941F21CCFB11D003AFFE3 /* PBXTargetDependency */ = {
			isa = PBXTargetDependency;
			target = 850941CB1CCFB11D003AFFE3 /* UITextFieldDelegate */;
			targetProxy = 850941F11CCFB11D003AFFE3 /* PBXContainerItemProxy */;
		};
/* End PBXTargetDependency section */

/* Begin PBXVariantGroup section */
		850941DD1CCFB11D003AFFE3 /* LaunchScreen.storyboard */ = {
			isa = PBXVariantGroup;
			children = (
				850941DE1CCFB11D003AFFE3 /* Base */,
			);
			name = LaunchScreen.storyboard;
			sourceTree = "<group>";
		};
/* End PBXVariantGroup section */

/* Begin XCBuildConfiguration section */
		850941F71CCFB11D003AFFE3 /* Debug */ = {
			isa = XCBuildConfiguration;
			buildSettings = {
				ALWAYS_SEARCH_USER_PATHS = NO;
				CLANG_CXX_LANGUAGE_STANDARD = "gnu++0x";
				CLANG_CXX_LIBRARY = "libc++";
				CLANG_ENABLE_MODULES = YES;
				CLANG_ENABLE_OBJC_ARC = YES;
				CLANG_WARN_BOOL_CONVERSION = YES;
				CLANG_WARN_CONSTANT_CONVERSION = YES;
				CLANG_WARN_DIRECT_OBJC_ISA_USAGE = YES_ERROR;
				CLANG_WARN_EMPTY_BODY = YES;
				CLANG_WARN_ENUM_CONVERSION = YES;
				CLANG_WARN_INT_CONVERSION = YES;
				CLANG_WARN_OBJC_ROOT_CLASS = YES_ERROR;
				CLANG_WARN_UNREACHABLE_CODE = YES;
				CLANG_WARN__DUPLICATE_METHOD_MATCH = YES;
				"CODE_SIGN_IDENTITY[sdk=iphoneos*]" = "iPhone Developer";
				COPY_PHASE_STRIP = NO;
				DEBUG_INFORMATION_FORMAT = dwarf;
				ENABLE_STRICT_OBJC_MSGSEND = YES;
				ENABLE_TESTABILITY = YES;
				GCC_C_LANGUAGE_STANDARD = gnu99;
				GCC_DYNAMIC_NO_PIC = NO;
				GCC_NO_COMMON_BLOCKS = YES;
				GCC_OPTIMIZATION_LEVEL = 0;
				GCC_PREPROCESSOR_DEFINITIONS = (
					"DEBUG=1",
					"$(inherited)",
				);
				GCC_WARN_64_TO_32_BIT_CONVERSION = YES;
				GCC_WARN_ABOUT_RETURN_TYPE = YES_ERROR;
				GCC_WARN_UNDECLARED_SELECTOR = YES;
				GCC_WARN_UNINITIALIZED_AUTOS = YES_AGGRESSIVE;
				GCC_WARN_UNUSED_FUNCTION = YES;
				GCC_WARN_UNUSED_VARIABLE = YES;
				IPHONEOS_DEPLOYMENT_TARGET = 9.1;
				MTL_ENABLE_DEBUG_INFO = YES;
				ONLY_ACTIVE_ARCH = YES;
				SDKROOT = iphoneos;
			};
			name = Debug;
		};
		850941F81CCFB11D003AFFE3 /* Release */ = {
			isa = XCBuildConfiguration;
			buildSettings = {
				ALWAYS_SEARCH_USER_PATHS = NO;
				CLANG_CXX_LANGUAGE_STANDARD = "gnu++0x";
				CLANG_CXX_LIBRARY = "libc++";
				CLANG_ENABLE_MODULES = YES;
				CLANG_ENABLE_OBJC_ARC = YES;
				CLANG_WARN_BOOL_CONVERSION = YES;
				CLANG_WARN_CONSTANT_CONVERSION = YES;
				CLANG_WARN_DIRECT_OBJC_ISA_USAGE = YES_ERROR;
				CLANG_WARN_EMPTY_BODY = YES;
				CLANG_WARN_ENUM_CONVERSION = YES;
				CLANG_WARN_INT_CONVERSION = YES;
				CLANG_WARN_OBJC_ROOT_CLASS = YES_ERROR;
				CLANG_WARN_UNREACHABLE_CODE = YES;
				CLANG_WARN__DUPLICATE_METHOD_MATCH = YES;
				"CODE_SIGN_IDENTITY[sdk=iphoneos*]" = "iPhone Developer";
				COPY_PHASE_STRIP = NO;
				DEBUG_INFORMATION_FORMAT = "dwarf-with-dsym";
				ENABLE_NS_ASSERTIONS = NO;
				ENABLE_STRICT_OBJC_MSGSEND = YES;
				GCC_C_LANGUAGE_STANDARD = gnu99;
				GCC_NO_COMMON_BLOCKS = YES;
				GCC_WARN_64_TO_32_BIT_CONVERSION = YES;
				GCC_WARN_ABOUT_RETURN_TYPE = YES_ERROR;
				GCC_WARN_UNDECLARED_SELECTOR = YES;
				GCC_WARN_UNINITIALIZED_AUTOS = YES_AGGRESSIVE;
				GCC_WARN_UNUSED_FUNCTION = YES;
				GCC_WARN_UNUSED_VARIABLE = YES;
				IPHONEOS_DEPLOYMENT_TARGET = 9.1;
				MTL_ENABLE_DEBUG_INFO = NO;
				SDKROOT = iphoneos;
				VALIDATE_PRODUCT = YES;
			};
			name = Release;
		};
		850941FA1CCFB11D003AFFE3 /* Debug */ = {
			isa = XCBuildConfiguration;
			buildSettings = {
				ASSETCATALOG_COMPILER_APPICON_NAME = AppIcon;
				INFOPLIST_FILE = UITextFieldDelegate/Info.plist;
				LD_RUNPATH_SEARCH_PATHS = "$(inherited) @executable_path/Frameworks";
				PRODUCT_BUNDLE_IDENTIFIER = cn.com.tarena.UITextFieldDelegate;
				PRODUCT_NAME = "$(TARGET_NAME)";
			};
			name = Debug;
		};
		850941FB1CCFB11D003AFFE3 /* Release */ = {
			isa = XCBuildConfiguration;
			buildSettings = {
				ASSETCATALOG_COMPILER_APPICON_NAME = AppIcon;
				INFOPLIST_FILE = UITextFieldDelegate/Info.plist;
				LD_RUNPATH_SEARCH_PATHS = "$(inherited) @executable_path/Frameworks";
				PRODUCT_BUNDLE_IDENTIFIER = cn.com.tarena.UITextFieldDelegate;
				PRODUCT_NAME = "$(TARGET_NAME)";
			};
			name = Release;
		};
		850941FD1CCFB11D003AFFE3 /* Debug */ = {
			isa = XCBuildConfiguration;
			buildSettings = {
				BUNDLE_LOADER = "$(TEST_HOST)";
				INFOPLIST_FILE = UITextFieldDelegateTests/Info.plist;
				LD_RUNPATH_SEARCH_PATHS = "$(inherited) @executable_path/Frameworks @loader_path/Frameworks";
				PRODUCT_BUNDLE_IDENTIFIER = cn.com.tarena.UITextFieldDelegateTests;
				PRODUCT_NAME = "$(TARGET_NAME)";
				TEST_HOST = "$(BUILT_PRODUCTS_DIR)/UITextFieldDelegate.app/UITextFieldDelegate";
			};
			name = Debug;
		};
		850941FE1CCFB11D003AFFE3 /* Release */ = {
			isa = XCBuildConfiguration;
			buildSettings = {
				BUNDLE_LOADER = "$(TEST_HOST)";
				INFOPLIST_FILE = UITextFieldDelegateTests/Info.plist;
				LD_RUNPATH_SEARCH_PATHS = "$(inherited) @executable_path/Frameworks @loader_path/Frameworks";
				PRODUCT_BUNDLE_IDENTIFIER = cn.com.tarena.UITextFieldDelegateTests;
				PRODUCT_NAME = "$(TARGET_NAME)";
				TEST_HOST = "$(BUILT_PRODUCTS_DIR)/UITextFieldDelegate.app/UITextFieldDelegate";
			};
			name = Release;
		};
		850942001CCFB11D003AFFE3 /* Debug */ = {
			isa = XCBuildConfiguration;
			buildSettings = {
				INFOPLIST_FILE = UITextFieldDelegateUITests/Info.plist;
				LD_RUNPATH_SEARCH_PATHS = "$(inherited) @executable_path/Frameworks @loader_path/Frameworks";
				PRODUCT_BUNDLE_IDENTIFIER = cn.com.tarena.UITextFieldDelegateUITests;
				PRODUCT_NAME = "$(TARGET_NAME)";
				TEST_TARGET_NAME = UITextFieldDelegate;
				USES_XCTRUNNER = YES;
			};
			name = Debug;
		};
		850942011CCFB11D003AFFE3 /* Release */ = {
			isa = XCBuildConfiguration;
			buildSettings = {
				INFOPLIST_FILE = UITextFieldDelegateUITests/Info.plist;
				LD_RUNPATH_SEARCH_PATHS = "$(inherited) @executable_path/Frameworks @loader_path/Frameworks";
				PRODUCT_BUNDLE_IDENTIFIER = cn.com.tarena.UITextFieldDelegateUITests;
				PRODUCT_NAME = "$(TARGET_NAME)";
				TEST_TARGET_NAME = UITextFieldDelegate;
				USES_XCTRUNNER = YES;
			};
			name = Release;
		};
/* End XCBuildConfiguration section */

/* Begin XCConfigurationList section */
		850941C71CCFB11D003AFFE3 /* Build configuration list for PBXProject "UITextFieldDelegate" */ = {
			isa = XCConfigurationList;
			buildConfigurations = (
				850941F71CCFB11D003AFFE3 /* Debug */,
				850941F81CCFB11D003AFFE3 /* Release */,
			);
			defaultConfigurationIsVisible = 0;
			defaultConfigurationName = Release;
		};
		850941F91CCFB11D003AFFE3 /* Build configuration list for PBXNativeTarget "UITextFieldDelegate" */ = {
			isa = XCConfigurationList;
			buildConfigurations = (
				850941FA1CCFB11D003AFFE3 /* Debug */,
				850941FB1CCFB11D003AFFE3 /* Release */,
			);
			defaultConfigurationIsVisible = 0;
		};
		850941FC1CCFB11D003AFFE3 /* Build configuration list for PBXNativeTarget "UITextFieldDelegateTests" */ = {
			isa = XCConfigurationList;
			buildConfigurations = (
				850941FD1CCFB11D003AFFE3 /* Debug */,
				850941FE1CCFB11D003AFFE3 /* Release */,
			);
			defaultConfigurationIsVisible = 0;
		};
		850941FF1CCFB11D003AFFE3 /* Build configuration list for PBXNativeTarget "UITextFieldDelegateUITests" */ = {
			isa = XCConfigurationList;
			buildConfigurations = (
				850942001CCFB11D003AFFE3 /* Debug */,
				850942011CCFB11D003AFFE3 /* Release */,
			);
			defaultConfigurationIsVisible = 0;
		};
/* End XCConfigurationList section */
	};
	rootObject = 850941C41CCFB11D003AFFE3 /* Project object */;
}
